# This file is automatically @generated by Cargo.
# It is not intended for manual editing.
version = 4

[[package]]
name = "logos-cli"
version = "0.1.0"
dependencies = [
 "logos-core",
 "logos-import",
 "logos-reporting",
 "logos-store-aletheia",
]

[[package]]
name = "logos-core"
version = "0.1.0"

[[package]]
name = "logos-import"
version = "0.1.0"
dependencies = [
 "logos-core",
]

[[package]]
name = "logos-reporting"
version = "0.1.0"
dependencies = [
 "logos-core",
]

[[package]]
name = "logos-store-aletheia"
version = "0.1.0"
dependencies = [
 "logos-core",
]

[[package]]
name = "logos-tui"
version = "0.1.0"
dependencies = [
 "logos-core",
]
